
Microsoft Visual Studio Solution File, Format Version 12.00
# Visual Studio 15
Project("{FAE04EC0-301F-11D3-BF4B-00C04F79EFBC}") = "Assembly-CSharp", "Assembly-CSharp.csproj", "{4815A770-F86F-EE87-6A97-34410E951420}"
EndProject
Project("{FAE04EC0-301F-11D3-BF4B-00C04F79EFBC}") = "Assembly-CSharp-firstpass", "Assembly-CSharp-firstpass.csproj", "{3C86D280-50B4-6886-C9C6-1DD7DF9581C9}"
EndProject
Project("{FAE04EC0-301F-11D3-BF4B-00C04F79EFBC}") = "Assembly-CSharp-Editor-firstpass", "Assembly-CSharp-Editor-firstpass.csproj", "{53D61C9B-B872-E9C3-307B-B7B8605948AB}"
EndProject
Project("{FAE04EC0-301F-11D3-BF4B-00C04F79EFBC}") = "Assembly-CSharp-Editor", "Assembly-CSharp-Editor.csproj", "{602CCEFB-C31E-ABA4-3E34-31862F20D7A2}"
EndProject
Global
	GlobalSection(SolutionConfigurationPlatforms) = preSolution
		Debug|Any CPU = Debug|Any CPU
		Release|Any CPU = Release|Any CPU
	EndGlobalSection
	GlobalSection(ProjectConfigurationPlatforms) = postSolution
		{4815A770-F86F-EE87-6A97-34410E951420}.Debug|Any CPU.ActiveCfg = Debug|Any CPU
		{4815A770-F86F-EE87-6A97-34410E951420}.Debug|Any CPU.Build.0 = Debug|Any CPU
		{4815A770-F86F-EE87-6A97-34410E951420}.Release|Any CPU.ActiveCfg = Release|Any CPU
		{4815A770-F86F-EE87-6A97-34410E951420}.Release|Any CPU.Build.0 = Release|Any CPU
		{3C86D280-50B4-6886-C9C6-1DD7DF9581C9}.Debug|Any CPU.ActiveCfg = Debug|Any CPU
		{3C86D280-50B4-6886-C9C6-1DD7DF9581C9}.Debug|Any CPU.Build.0 = Debug|Any CPU
		{3C86D280-50B4-6886-C9C6-1DD7DF9581C9}.Release|Any CPU.ActiveCfg = Release|Any CPU
		{3C86D280-50B4-6886-C9C6-1DD7DF9581C9}.Release|Any CPU.Build.0 = Release|Any CPU
		{53D61C9B-B872-E9C3-307B-B7B8605948AB}.Debug|Any CPU.ActiveCfg = Debug|Any CPU
		{53D61C9B-B872-E9C3-307B-B7B8605948AB}.Debug|Any CPU.Build.0 = Debug|Any CPU
		{53D61C9B-B872-E9C3-307B-B7B8605948AB}.Release|Any CPU.ActiveCfg = Release|Any CPU
		{53D61C9B-B872-E9C3-307B-B7B8605948AB}.Release|Any CPU.Build.0 = Release|Any CPU
		{602CCEFB-C31E-ABA4-3E34-31862F20D7A2}.Debug|Any CPU.ActiveCfg = Debug|Any CPU
		{602CCEFB-C31E-ABA4-3E34-31862F20D7A2}.Debug|Any CPU.Build.0 = Debug|Any CPU
		{602CCEFB-C31E-ABA4-3E34-31862F20D7A2}.Release|Any CPU.ActiveCfg = Release|Any CPU
		{602CCEFB-C31E-ABA4-3E34-31862F20D7A2}.Release|Any CPU.Build.0 = Release|Any CPU
	EndGlobalSection
	GlobalSection(SolutionProperties) = preSolution
		HideSolutionNode = FALSE
	EndGlobalSection
EndGlobal
